
Microsoft Visual Studio Solution File, Format Version 12.00
# Visual Studio 15
Project("{FAE04EC0-301F-11D3-BF4B-00C04F79EFBC}") = "Assembly-CSharp", "Assembly-CSharp.csproj", "{1BA70D16-1BD8-5F44-2553-1E3596675341}"
EndProject
Project("{FAE04EC0-301F-11D3-BF4B-00C04F79EFBC}") = "Assembly-CSharp-Editor", "Assembly-CSharp-Editor.csproj", "{BE2BA8DC-E13B-709A-9B03-A7F26F553D50}"
EndProject
Global
	GlobalSection(SolutionConfigurationPlatforms) = preSolution
		Debug|Any CPU = Debug|Any CPU
		Release|Any CPU = Release|Any CPU
	EndGlobalSection
	GlobalSection(ProjectConfigurationPlatforms) = postSolution
		{1BA70D16-1BD8-5F44-2553-1E3596675341}.Debug|Any CPU.ActiveCfg = Debug|Any CPU
		{1BA70D16-1BD8-5F44-2553-1E3596675341}.Debug|Any CPU.Build.0 = Debug|Any CPU
		{1BA70D16-1BD8-5F44-2553-1E3596675341}.Release|Any CPU.ActiveCfg = Release|Any CPU
		{1BA70D16-1BD8-5F44-2553-1E3596675341}.Release|Any CPU.Build.0 = Release|Any CPU
		{BE2BA8DC-E13B-709A-9B03-A7F26F553D50}.Debug|Any CPU.ActiveCfg = Debug|Any CPU
		{BE2BA8DC-E13B-709A-9B03-A7F26F553D50}.Debug|Any CPU.Build.0 = Debug|Any CPU
		{BE2BA8DC-E13B-709A-9B03-A7F26F553D50}.Release|Any CPU.ActiveCfg = Release|Any CPU
		{BE2BA8DC-E13B-709A-9B03-A7F26F553D50}.Release|Any CPU.Build.0 = Release|Any CPU
	EndGlobalSection
	GlobalSection(SolutionProperties) = preSolution
		HideSolutionNode = FALSE
	EndGlobalSection
EndGlobal
